
Microsoft Visual Studio Solution File, Format Version 12.00
# Visual Studio Version 16
VisualStudioVersion = 16.0.31515.178
MinimumVisualStudioVersion = 10.0.40219.1
Project("{FAE04EC0-301F-11D3-BF4B-00C04F79EFBC}") = "ActividadN2PRogramacion", "ActividadN2PRogramacion\ActividadN2PRogramacion.csproj", "{EB96F253-B7AB-490C-BE30-58399FC88D4A}"
EndProject
Global
	GlobalSection(SolutionConfigurationPlatforms) = preSolution
		Debug|Any CPU = Debug|Any CPU
		Release|Any CPU = Release|Any CPU
	EndGlobalSection
	GlobalSection(ProjectConfigurationPlatforms) = postSolution
		{EB96F253-B7AB-490C-BE30-58399FC88D4A}.Debug|Any CPU.ActiveCfg = Debug|Any CPU
		{EB96F253-B7AB-490C-BE30-58399FC88D4A}.Debug|Any CPU.Build.0 = Debug|Any CPU
		{EB96F253-B7AB-490C-BE30-58399FC88D4A}.Release|Any CPU.ActiveCfg = Release|Any CPU
		{EB96F253-B7AB-490C-BE30-58399FC88D4A}.Release|Any CPU.Build.0 = Release|Any CPU
	EndGlobalSection
	GlobalSection(SolutionProperties) = preSolution
		HideSolutionNode = FALSE
	EndGlobalSection
	GlobalSection(ExtensibilityGlobals) = postSolution
		SolutionGuid = {7898A75D-6354-4C40-816F-C1EB7FEC44AA}
	EndGlobalSection
EndGlobal
